
Microsoft Visual Studio Solution File, Format Version 12.00
# Visual Studio Version 16
VisualStudioVersion = 16.0.30413.136
MinimumVisualStudioVersion = 10.0.40219.1
Project("{FAE04EC0-301F-11D3-BF4B-00C04F79EFBC}") = "UTS BAP", "UTS BAP\UTS BAP.csproj", "{0447CDF4-04D1-4EDF-A50A-A68270232003}"
EndProject
Global
	GlobalSection(SolutionConfigurationPlatforms) = preSolution
		Debug|Any CPU = Debug|Any CPU
		Release|Any CPU = Release|Any CPU
	EndGlobalSection
	GlobalSection(ProjectConfigurationPlatforms) = postSolution
		{0447CDF4-04D1-4EDF-A50A-A68270232003}.Debug|Any CPU.ActiveCfg = Debug|Any CPU
		{0447CDF4-04D1-4EDF-A50A-A68270232003}.Debug|Any CPU.Build.0 = Debug|Any CPU
		{0447CDF4-04D1-4EDF-A50A-A68270232003}.Release|Any CPU.ActiveCfg = Release|Any CPU
		{0447CDF4-04D1-4EDF-A50A-A68270232003}.Release|Any CPU.Build.0 = Release|Any CPU
	EndGlobalSection
	GlobalSection(SolutionProperties) = preSolution
		HideSolutionNode = FALSE
	EndGlobalSection
	GlobalSection(ExtensibilityGlobals) = postSolution
		SolutionGuid = {7DDD38E6-7474-4004-871A-FB7E54594257}
	EndGlobalSection
EndGlobal
